{"is_source_file": true, "file_id": 27, "git_revision": "8ed2fb452bb60d87ca30cead2d9c31a14d779852", "state": 1, "description": "", "external_files": [], "external_methods": [], "published": [], "classes": [], "methods": [], "calls": [], "search-terms": [], "hash": "e9b4c3b42cef0193b7fddb548d37e652", "format-version": 4, "code-base-name": "default", "filename": "vintage_chrono_frontend/post_process_status.lock", "knowledge_revision": 73}